dependencies:
- name: common
  repository: file://../common
  version: 1.1.1
- name: litestream
  repository: oci://ghcr.io/vardis-data/charts
  version: 1.0.1
- name: postgres
  repository: oci://registry-1.docker.io/cloudpirates
  version: 0.18.3
digest: sha256:d7b51c84b88addc81919c98c4a5be413c07cbc5d689a5cb6f49655f133713543
generated: "2026-06-25T20:02:51.933616258Z"
