dependencies:
- name: postgres
  repository: oci://registry-1.docker.io/cloudpirates
  version: 0.18.3
- name: valkey
  repository: https://valkey.io/valkey-helm
  version: 0.9.3
digest: sha256:bd2ff074c4dd675b61f82f702323838e970fe9e57224fb35209efc2aa41d30ac
generated: "2026-03-23T19:31:57.214686122-03:00"
